
Microsoft Visual Studio Solution File, Format Version 12.00
# Visual Studio Version 16
VisualStudioVersion = 16.0.32630.194
MinimumVisualStudioVersion = 10.0.40219.1
Project("{FAE04EC0-301F-11D3-BF4B-00C04F79EFBC}") = "Motel", "Motel\Motel.csproj", "{647BE734-0184-4396-8F9C-E0D80B1E896E}"
EndProject
Global
	GlobalSection(SolutionConfigurationPlatforms) = preSolution
		Debug|Any CPU = Debug|Any CPU
		Release|Any CPU = Release|Any CPU
	EndGlobalSection
	GlobalSection(ProjectConfigurationPlatforms) = postSolution
		{647BE734-0184-4396-8F9C-E0D80B1E896E}.Debug|Any CPU.ActiveCfg = Debug|Any CPU
		{647BE734-0184-4396-8F9C-E0D80B1E896E}.Debug|Any CPU.Build.0 = Debug|Any CPU
		{647BE734-0184-4396-8F9C-E0D80B1E896E}.Release|Any CPU.ActiveCfg = Release|Any CPU
		{647BE734-0184-4396-8F9C-E0D80B1E896E}.Release|Any CPU.Build.0 = Release|Any CPU
	EndGlobalSection
	GlobalSection(SolutionProperties) = preSolution
		HideSolutionNode = FALSE
	EndGlobalSection
	GlobalSection(ExtensibilityGlobals) = postSolution
		SolutionGuid = {D9D0AD0B-265D-4226-A2AE-C26D8420422F}
	EndGlobalSection
EndGlobal
